# Generated by pub
# See https://dart.dev/tools/pub/glossary#lockfile
packages:
  js:
    dependency: transitive
    description:
      name: js
      url: "https://pub.dartlang.org"
    source: hosted
    version: "0.6.4"
  lints:
    dependency: "direct dev"
    description:
      name: lints
      url: "https://pub.dartlang.org"
    source: hosted
    version: "1.0.1"
  logging:
    dependency: transitive
    description:
      name: logging
      url: "https://pub.dartlang.org"
    source: hosted
    version: "1.0.2"
  socket_io_client:
    dependency: "direct main"
    description:
      name: socket_io_client
      url: "https://pub.dartlang.org"
    source: hosted
    version: "2.0.0-beta.4-nullsafety.0"
  socket_io_common:
    dependency: transitive
    description:
      name: socket_io_common
      url: "https://pub.dartlang.org"
    source: hosted
    version: "2.0.0-beta.1-nullsafety.1"
sdks:
  dart: ">=2.16.0-109.0.dev <3.0.0"
